
Microsoft Visual Studio Solution File, Format Version 12.00
# Visual Studio 2013
VisualStudioVersion = 12.0.31101.0
MinimumVisualStudioVersion = 10.0.40219.1
Project("{FAE04EC0-301F-11D3-BF4B-00C04F79EFBC}") = "Dojo1806", "Dojo1806\Dojo1806.csproj", "{5D7D44BD-DA84-44EE-844A-C7D379BC5F4B}"
EndProject
Global
	GlobalSection(SolutionConfigurationPlatforms) = preSolution
		Debug|Any CPU = Debug|Any CPU
		Release|Any CPU = Release|Any CPU
	EndGlobalSection
	GlobalSection(ProjectConfigurationPlatforms) = postSolution
		{5D7D44BD-DA84-44EE-844A-C7D379BC5F4B}.Debug|Any CPU.ActiveCfg = Debug|Any CPU
		{5D7D44BD-DA84-44EE-844A-C7D379BC5F4B}.Debug|Any CPU.Build.0 = Debug|Any CPU
		{5D7D44BD-DA84-44EE-844A-C7D379BC5F4B}.Release|Any CPU.ActiveCfg = Release|Any CPU
		{5D7D44BD-DA84-44EE-844A-C7D379BC5F4B}.Release|Any CPU.Build.0 = Release|Any CPU
	EndGlobalSection
	GlobalSection(SolutionProperties) = preSolution
		HideSolutionNode = FALSE
	EndGlobalSection
EndGlobal
